
Microsoft Visual Studio Solution File, Format Version 12.00
# Visual Studio Version 16
VisualStudioVersion = 16.0.30517.126
MinimumVisualStudioVersion = 10.0.40219.1
Project("{FAE04EC0-301F-11D3-BF4B-00C04F79EFBC}") = "ControlWindows", "ControlWindows\ControlWindows.csproj", "{547198B7-A4FD-4611-9F9C-C6D7425064AA}"
EndProject
Global
	GlobalSection(SolutionConfigurationPlatforms) = preSolution
		Debug|Any CPU = Debug|Any CPU
		Release|Any CPU = Release|Any CPU
	EndGlobalSection
	GlobalSection(ProjectConfigurationPlatforms) = postSolution
		{547198B7-A4FD-4611-9F9C-C6D7425064AA}.Debug|Any CPU.ActiveCfg = Debug|Any CPU
		{547198B7-A4FD-4611-9F9C-C6D7425064AA}.Debug|Any CPU.Build.0 = Debug|Any CPU
		{547198B7-A4FD-4611-9F9C-C6D7425064AA}.Release|Any CPU.ActiveCfg = Release|Any CPU
		{547198B7-A4FD-4611-9F9C-C6D7425064AA}.Release|Any CPU.Build.0 = Release|Any CPU
	EndGlobalSection
	GlobalSection(SolutionProperties) = preSolution
		HideSolutionNode = FALSE
	EndGlobalSection
	GlobalSection(ExtensibilityGlobals) = postSolution
		SolutionGuid = {1C2D0C71-D57A-4A41-A558-D16FE9E516E9}
	EndGlobalSection
EndGlobal
